// !$*UTF8*$!
{
	archiveVersion = 1;
	classes = {
	};
	objectVersion = 50;
	objects = {

/* Begin PBXBuildFile section */
		561EC9A924B5733E00DB01AB /* ConfigFileHandler.cpp in Sources */ = {isa = PBXBuildFile; fileRef = 561EC9A824B5733E00DB01AB /* ConfigFileHandler.cpp */; };
		561EC9B624B60E5300DB01AB /* TcpUtils.cpp in Sources */ = {isa = PBXBuildFile; fileRef = 561EC9B424B60E5300DB01AB /* TcpUtils.cpp */; };
		56E88D38248B30C100E4F167 /* main.cpp in Sources */ = {isa = PBXBuildFile; fileRef = 56E88D37248B30C100E4F167 /* main.cpp */; };
/* End PBXBuildFile section */

/* Begin PBXCopyFilesBuildPhase section */
		56E88D32248B30C100E4F167 /* CopyFiles */ = {
			isa = PBXCopyFilesBuildPhase;
			buildActionMask = 2147483647;
			dstPath = /usr/share/man/man1/;
			dstSubfolderSpec = 0;
			files = (
			);
			runOnlyForDeploymentPostprocessing = 1;
		};
/* End PBXCopyFilesBuildPhase section */

/* Begin PBXFileReference section */
		561EC95924B1390100DB01AB /* Makefile */ = {isa = PBXFileReference; lastKnownFileType = sourcecode.make; path = Makefile; sourceTree = "<group>"; };
		561EC95A24B1695800DB01AB /* bbfile */ = {isa = PBXFileReference; lastKnownFileType = text; path = bbfile; sourceTree = "<group>"; };
		561EC9A724B5733E00DB01AB /* ConfigFileHandler.hpp */ = {isa = PBXFileReference; fileEncoding = 4; lastKnownFileType = sourcecode.cpp.h; path = ConfigFileHandler.hpp; sourceTree = "<group>"; };
		561EC9A824B5733E00DB01AB /* ConfigFileHandler.cpp */ = {isa = PBXFileReference; fileEncoding = 4; lastKnownFileType = sourcecode.cpp.cpp; path = ConfigFileHandler.cpp; sourceTree = "<group>"; };
		561EC9B424B60E5300DB01AB /* TcpUtils.cpp */ = {isa = PBXFileReference; lastKnownFileType = sourcecode.cpp.cpp; path = TcpUtils.cpp; sourceTree = "<group>"; };
		561EC9B524B60E5300DB01AB /* TcpUtils.hpp */ = {isa = PBXFileReference; lastKnownFileType = sourcecode.cpp.h; path = TcpUtils.hpp; sourceTree = "<group>"; };
		5679BBFD24BE06CE00158E97 /* triv_client */ = {isa = PBXFileReference; lastKnownFileType = folder; path = triv_client; sourceTree = "<group>"; };
		5679BBFE24BE076800158E97 /* read.me */ = {isa = PBXFileReference; fileEncoding = 4; lastKnownFileType = text; path = read.me; sourceTree = "<group>"; };
		5679BC8324C20B7A00158E97 /* testsRubyClients.rb */ = {isa = PBXFileReference; lastKnownFileType = text.script.ruby; path = testsRubyClients.rb; sourceTree = "<group>"; };
		5679BC9F24C2758B00158E97 /* bbserv.conf */ = {isa = PBXFileReference; fileEncoding = 4; lastKnownFileType = text; path = bbserv.conf; sourceTree = "<group>"; };
		56E88D34248B30C100E4F167 /* bullinServer */ = {isa = PBXFileReference; explicitFileType = "compiled.mach-o.executable"; includeInIndex = 0; path = bullinServer; sourceTree = BUILT_PRODUCTS_DIR; };
		56E88D37248B30C100E4F167 /* main.cpp */ = {isa = PBXFileReference; lastKnownFileType = sourcecode.cpp.cpp; path = main.cpp; sourceTree = "<group>"; };
/* End PBXFileReference section */

/* Begin PBXFrameworksBuildPhase section */
		56E88D31248B30C100E4F167 /* Frameworks */ = {
			isa = PBXFrameworksBuildPhase;
			buildActionMask = 2147483647;
			files = (
			);
			runOnlyForDeploymentPostprocessing = 0;
		};
/* End PBXFrameworksBuildPhase section */

/* Begin PBXGroup section */
		56E88D2B248B30C100E4F167 = {
			isa = PBXGroup;
			children = (
				56E88D36248B30C100E4F167 /* bullinServer */,
				56E88D35248B30C100E4F167 /* Products */,
			);
			sourceTree = "<group>";
		};
		56E88D35248B30C100E4F167 /* Products */ = {
			isa = PBXGroup;
			children = (
				56E88D34248B30C100E4F167 /* bullinServer */,
			);
			name = Products;
			sourceTree = "<group>";
		};
		56E88D36248B30C100E4F167 /* bullinServer */ = {
			isa = PBXGroup;
			children = (
				5679BBFD24BE06CE00158E97 /* triv_client */,
				561EC95A24B1695800DB01AB /* bbfile */,
				56E88D37248B30C100E4F167 /* main.cpp */,
				561EC9B424B60E5300DB01AB /* TcpUtils.cpp */,
				561EC9B524B60E5300DB01AB /* TcpUtils.hpp */,
				561EC9A824B5733E00DB01AB /* ConfigFileHandler.cpp */,
				561EC9A724B5733E00DB01AB /* ConfigFileHandler.hpp */,
				5679BC9F24C2758B00158E97 /* bbserv.conf */,
				561EC95924B1390100DB01AB /* Makefile */,
				5679BC8324C20B7A00158E97 /* testsRubyClients.rb */,
				5679BBFE24BE076800158E97 /* read.me */,
			);
			path = bullinServer;
			sourceTree = "<group>";
		};
/* End PBXGroup section */

/* Begin PBXNativeTarget section */
		56E88D33248B30C100E4F167 /* bullinServer */ = {
			isa = PBXNativeTarget;
			buildConfigurationList = 56E88D3B248B30C100E4F167 /* Build configuration list for PBXNativeTarget "bullinServer" */;
			buildPhases = (
				56E88D30248B30C100E4F167 /* Sources */,
				56E88D31248B30C100E4F167 /* Frameworks */,
				56E88D32248B30C100E4F167 /* CopyFiles */,
			);
			buildRules = (
			);
			dependencies = (
			);
			name = bullinServer;
			productName = bullinServer;
			productReference = 56E88D34248B30C100E4F167 /* bullinServer */;
			productType = "com.apple.product-type.tool";
		};
/* End PBXNativeTarget section */

/* Begin PBXProject section */
		56E88D2C248B30C100E4F167 /* Project object */ = {
			isa = PBXProject;
			attributes = {
				LastUpgradeCheck = 1150;
				ORGANIZATIONNAME = Ernie;
				TargetAttributes = {
					56E88D33248B30C100E4F167 = {
						CreatedOnToolsVersion = 11.5;
					};
				};
			};
			buildConfigurationList = 56E88D2F248B30C100E4F167 /* Build configuration list for PBXProject "bullinServer" */;
			compatibilityVersion = "Xcode 9.3";
			developmentRegion = en;
			hasScannedForEncodings = 0;
			knownRegions = (
				en,
				Base,
			);
			mainGroup = 56E88D2B248B30C100E4F167;
			productRefGroup = 56E88D35248B30C100E4F167 /* Products */;
			projectDirPath = "";
			projectRoot = "";
			targets = (
				56E88D33248B30C100E4F167 /* bullinServer */,
			);
		};
/* End PBXProject section */

/* Begin PBXSourcesBuildPhase section */
		56E88D30248B30C100E4F167 /* Sources */ = {
			isa = PBXSourcesBuildPhase;
			buildActionMask = 2147483647;
			files = (
				561EC9A924B5733E00DB01AB /* ConfigFileHandler.cpp in Sources */,
				561EC9B624B60E5300DB01AB /* TcpUtils.cpp in Sources */,
				56E88D38248B30C100E4F167 /* main.cpp in Sources */,
			);
			runOnlyForDeploymentPostprocessing = 0;
		};
/* End PBXSourcesBuildPhase section */

/* Begin XCBuildConfiguration section */
		56E88D39248B30C100E4F167 /* Debug */ = {
			isa = XCBuildConfiguration;
			buildSettings = {
				ALWAYS_SEARCH_USER_PATHS = NO;
				CLANG_ANALYZER_NONNULL = YES;
				CLANG_ANALYZER_NUMBER_OBJECT_CONVERSION = YES_AGGRESSIVE;
				CLANG_CXX_LANGUAGE_STANDARD = "gnu++14";
				CLANG_CXX_LIBRARY = "libc++";
				CLANG_ENABLE_MODULES = YES;
				CLANG_ENABLE_OBJC_ARC = YES;
				CLANG_ENABLE_OBJC_WEAK = YES;
				CLANG_WARN_BLOCK_CAPTURE_AUTORELEASING = YES;
				CLANG_WARN_BOOL_CONVERSION = YES;
				CLANG_WARN_COMMA = YES;
				CLANG_WARN_CONSTANT_CONVERSION = YES;
				CLANG_WARN_DEPRECATED_OBJC_IMPLEMENTATIONS = YES;
				CLANG_WARN_DIRECT_OBJC_ISA_USAGE = YES_ERROR;
				CLANG_WARN_DOCUMENTATION_COMMENTS = YES;
				CLANG_WARN_EMPTY_BODY = YES;
				CLANG_WARN_ENUM_CONVERSION = YES;
				CLANG_WARN_INFINITE_RECURSION = YES;
				CLANG_WARN_INT_CONVERSION = YES;
				CLANG_WARN_NON_LITERAL_NULL_CONVERSION = YES;
				CLANG_WARN_OBJC_IMPLICIT_RETAIN_SELF = YES;
				CLANG_WARN_OBJC_LITERAL_CONVERSION = YES;
				CLANG_WARN_OBJC_ROOT_CLASS = YES_ERROR;
				CLANG_WARN_RANGE_LOOP_ANALYSIS = YES;
				CLANG_WARN_STRICT_PROTOTYPES = YES;
				CLANG_WARN_SUSPICIOUS_MOVE = YES;
				CLANG_WARN_UNGUARDED_AVAILABILITY = YES_AGGRESSIVE;
				CLANG_WARN_UNREACHABLE_CODE = YES;
				CLANG_WARN__DUPLICATE_METHOD_MATCH = YES;
				COPY_PHASE_STRIP = NO;
				DEBUG_INFORMATION_FORMAT = dwarf;
				ENABLE_STRICT_OBJC_MSGSEND = YES;
				ENABLE_TESTABILITY = YES;
				GCC_C_LANGUAGE_STANDARD = gnu11;
				GCC_DYNAMIC_NO_PIC = NO;
				GCC_NO_COMMON_BLOCKS = YES;
				GCC_OPTIMIZATION_LEVEL = 0;
				GCC_PREPROCESSOR_DEFINITIONS = (
					"DEBUG=1",
					"$(inherited)",
				);
				GCC_WARN_64_TO_32_BIT_CONVERSION = YES;
				GCC_WARN_ABOUT_RETURN_TYPE = YES_ERROR;
				GCC_WARN_UNDECLARED_SELECTOR = YES;
				GCC_WARN_UNINITIALIZED_AUTOS = YES_AGGRESSIVE;
				GCC_WARN_UNUSED_FUNCTION = YES;
				GCC_WARN_UNUSED_VARIABLE = YES;
				MACOSX_DEPLOYMENT_TARGET = 10.15;
				MTL_ENABLE_DEBUG_INFO = INCLUDE_SOURCE;
				MTL_FAST_MATH = YES;
				ONLY_ACTIVE_ARCH = YES;
				SDKROOT = macosx;
			};
			name = Debug;
		};
		56E88D3A248B30C100E4F167 /* Release */ = {
			isa = XCBuildConfiguration;
			buildSettings = {
				ALWAYS_SEARCH_USER_PATHS = NO;
				CLANG_ANALYZER_NONNULL = YES;
				CLANG_ANALYZER_NUMBER_OBJECT_CONVERSION = YES_AGGRESSIVE;
				CLANG_CXX_LANGUAGE_STANDARD = "gnu++14";
				CLANG_CXX_LIBRARY = "libc++";
				CLANG_ENABLE_MODULES = YES;
				CLANG_ENABLE_OBJC_ARC = YES;
				CLANG_ENABLE_OBJC_WEAK = YES;
				CLANG_WARN_BLOCK_CAPTURE_AUTORELEASING = YES;
				CLANG_WARN_BOOL_CONVERSION = YES;
				CLANG_WARN_COMMA = YES;
				CLANG_WARN_CONSTANT_CONVERSION = YES;
				CLANG_WARN_DEPRECATED_OBJC_IMPLEMENTATIONS = YES;
				CLANG_WARN_DIRECT_OBJC_ISA_USAGE = YES_ERROR;
				CLANG_WARN_DOCUMENTATION_COMMENTS = YES;
				CLANG_WARN_EMPTY_BODY = YES;
				CLANG_WARN_ENUM_CONVERSION = YES;
				CLANG_WARN_INFINITE_RECURSION = YES;
				CLANG_WARN_INT_CONVERSION = YES;
				CLANG_WARN_NON_LITERAL_NULL_CONVERSION = YES;
				CLANG_WARN_OBJC_IMPLICIT_RETAIN_SELF = YES;
				CLANG_WARN_OBJC_LITERAL_CONVERSION = YES;
				CLANG_WARN_OBJC_ROOT_CLASS = YES_ERROR;
				CLANG_WARN_RANGE_LOOP_ANALYSIS = YES;
				CLANG_WARN_STRICT_PROTOTYPES = YES;
				CLANG_WARN_SUSPICIOUS_MOVE = YES;
				CLANG_WARN_UNGUARDED_AVAILABILITY = YES_AGGRESSIVE;
				CLANG_WARN_UNREACHABLE_CODE = YES;
				CLANG_WARN__DUPLICATE_METHOD_MATCH = YES;
				COPY_PHASE_STRIP = NO;
				DEBUG_INFORMATION_FORMAT = "dwarf-with-dsym";
				ENABLE_NS_ASSERTIONS = NO;
				ENABLE_STRICT_OBJC_MSGSEND = YES;
				GCC_C_LANGUAGE_STANDARD = gnu11;
				GCC_NO_COMMON_BLOCKS = YES;
				GCC_WARN_64_TO_32_BIT_CONVERSION = YES;
				GCC_WARN_ABOUT_RETURN_TYPE = YES_ERROR;
				GCC_WARN_UNDECLARED_SELECTOR = YES;
				GCC_WARN_UNINITIALIZED_AUTOS = YES_AGGRESSIVE;
				GCC_WARN_UNUSED_FUNCTION = YES;
				GCC_WARN_UNUSED_VARIABLE = YES;
				MACOSX_DEPLOYMENT_TARGET = 10.15;
				MTL_ENABLE_DEBUG_INFO = NO;
				MTL_FAST_MATH = YES;
				SDKROOT = macosx;
			};
			name = Release;
		};
		56E88D3C248B30C100E4F167 /* Debug */ = {
			isa = XCBuildConfiguration;
			buildSettings = {
				CODE_SIGN_STYLE = Automatic;
				PRODUCT_NAME = "$(TARGET_NAME)";
			};
			name = Debug;
		};
		56E88D3D248B30C100E4F167 /* Release */ = {
			isa = XCBuildConfiguration;
			buildSettings = {
				CODE_SIGN_STYLE = Automatic;
				PRODUCT_NAME = "$(TARGET_NAME)";
			};
			name = Release;
		};
/* End XCBuildConfiguration section */

/* Begin XCConfigurationList section */
		56E88D2F248B30C100E4F167 /* Build configuration list for PBXProject "bullinServer" */ = {
			isa = XCConfigurationList;
			buildConfigurations = (
				56E88D39248B30C100E4F167 /* Debug */,
				56E88D3A248B30C100E4F167 /* Release */,
			);
			defaultConfigurationIsVisible = 0;
			defaultConfigurationName = Release;
		};
		56E88D3B248B30C100E4F167 /* Build configuration list for PBXNativeTarget "bullinServer" */ = {
			isa = XCConfigurationList;
			buildConfigurations = (
				56E88D3C248B30C100E4F167 /* Debug */,
				56E88D3D248B30C100E4F167 /* Release */,
			);
			defaultConfigurationIsVisible = 0;
			defaultConfigurationName = Release;
		};
/* End XCConfigurationList section */
	};
	rootObject = 56E88D2C248B30C100E4F167 /* Project object */;
}
